
Microsoft Visual Studio Solution File, Format Version 12.00
# Visual Studio Version 16
VisualStudioVersion = 16.0.29613.14
MinimumVisualStudioVersion = 10.0.40219.1
Project("{2150E333-8FDC-42A3-9474-1A3956D46DE8}") = "Test", "Test", "{8DCB4010-D63C-4766-855B-07C0CBF9BB30}"
EndProject
Project("{9A19103F-16F7-4668-BE54-9A1E7A4F7556}") = "ExtensionLibrary", "ExtensionLibrary\ExtensionLibrary.csproj", "{6561B06B-D75A-45BC-B808-7E3EF8711A54}"
EndProject
Project("{9A19103F-16F7-4668-BE54-9A1E7A4F7556}") = "ComonStruct", "ComonStruct\ComonStruct.csproj", "{0DE9378C-19A9-4ABF-8E2E-FB64DBF0689A}"
EndProject
Project("{9A19103F-16F7-4668-BE54-9A1E7A4F7556}") = "ComonStructTest", "Test\ComonStruct_Test\ComonStructTest.csproj", "{453ACD4D-68E2-4E32-8A39-65BA1E1BFF44}"
EndProject
Project("{9A19103F-16F7-4668-BE54-9A1E7A4F7556}") = "ExtensionLibraryTest", "Test\ExtensionLibrary_Test\ExtensionLibraryTest.csproj", "{AF179B3E-0E1F-46BE-B61E-75D28DA75A25}"
EndProject
Project("{9A19103F-16F7-4668-BE54-9A1E7A4F7556}") = "GithubNotRunning", "Test\GithubNotRun_Test\GithubNotRunning.csproj", "{CD9BF968-7B34-463C-A6C0-D429387D8B4C}"
EndProject
Project("{FAE04EC0-301F-11D3-BF4B-00C04F79EFBC}") = "EfToolLibrary", "EfToolLibrary\EfToolLibrary.csproj", "{3078B7D9-B8E2-4298-BB7A-DA60993884D3}"
EndProject
Project("{FAE04EC0-301F-11D3-BF4B-00C04F79EFBC}") = "EfToolLibraryTest", "Test\EfToolLibraryTest\EfToolLibraryTest.csproj", "{54DEAA8B-7D4B-46C4-896A-0E464AFB1B66}"
EndProject
Global
	GlobalSection(SolutionConfigurationPlatforms) = preSolution
		Debug|Any CPU = Debug|Any CPU
		Release|Any CPU = Release|Any CPU
	EndGlobalSection
	GlobalSection(ProjectConfigurationPlatforms) = postSolution
		{6561B06B-D75A-45BC-B808-7E3EF8711A54}.Debug|Any CPU.ActiveCfg = Debug|Any CPU
		{6561B06B-D75A-45BC-B808-7E3EF8711A54}.Debug|Any CPU.Build.0 = Debug|Any CPU
		{6561B06B-D75A-45BC-B808-7E3EF8711A54}.Release|Any CPU.ActiveCfg = Release|Any CPU
		{6561B06B-D75A-45BC-B808-7E3EF8711A54}.Release|Any CPU.Build.0 = Release|Any CPU
		{0DE9378C-19A9-4ABF-8E2E-FB64DBF0689A}.Debug|Any CPU.ActiveCfg = Debug|Any CPU
		{0DE9378C-19A9-4ABF-8E2E-FB64DBF0689A}.Debug|Any CPU.Build.0 = Debug|Any CPU
		{0DE9378C-19A9-4ABF-8E2E-FB64DBF0689A}.Release|Any CPU.ActiveCfg = Release|Any CPU
		{0DE9378C-19A9-4ABF-8E2E-FB64DBF0689A}.Release|Any CPU.Build.0 = Release|Any CPU
		{453ACD4D-68E2-4E32-8A39-65BA1E1BFF44}.Debug|Any CPU.ActiveCfg = Debug|Any CPU
		{453ACD4D-68E2-4E32-8A39-65BA1E1BFF44}.Debug|Any CPU.Build.0 = Debug|Any CPU
		{453ACD4D-68E2-4E32-8A39-65BA1E1BFF44}.Release|Any CPU.ActiveCfg = Release|Any CPU
		{453ACD4D-68E2-4E32-8A39-65BA1E1BFF44}.Release|Any CPU.Build.0 = Release|Any CPU
		{AF179B3E-0E1F-46BE-B61E-75D28DA75A25}.Debug|Any CPU.ActiveCfg = Debug|Any CPU
		{AF179B3E-0E1F-46BE-B61E-75D28DA75A25}.Debug|Any CPU.Build.0 = Debug|Any CPU
		{AF179B3E-0E1F-46BE-B61E-75D28DA75A25}.Release|Any CPU.ActiveCfg = Release|Any CPU
		{AF179B3E-0E1F-46BE-B61E-75D28DA75A25}.Release|Any CPU.Build.0 = Release|Any CPU
		{CD9BF968-7B34-463C-A6C0-D429387D8B4C}.Debug|Any CPU.ActiveCfg = Debug|Any CPU
		{CD9BF968-7B34-463C-A6C0-D429387D8B4C}.Debug|Any CPU.Build.0 = Debug|Any CPU
		{CD9BF968-7B34-463C-A6C0-D429387D8B4C}.Release|Any CPU.ActiveCfg = Release|Any CPU
		{CD9BF968-7B34-463C-A6C0-D429387D8B4C}.Release|Any CPU.Build.0 = Release|Any CPU
		{3078B7D9-B8E2-4298-BB7A-DA60993884D3}.Debug|Any CPU.ActiveCfg = Debug|Any CPU
		{3078B7D9-B8E2-4298-BB7A-DA60993884D3}.Debug|Any CPU.Build.0 = Debug|Any CPU
		{3078B7D9-B8E2-4298-BB7A-DA60993884D3}.Release|Any CPU.ActiveCfg = Release|Any CPU
		{3078B7D9-B8E2-4298-BB7A-DA60993884D3}.Release|Any CPU.Build.0 = Release|Any CPU
		{54DEAA8B-7D4B-46C4-896A-0E464AFB1B66}.Debug|Any CPU.ActiveCfg = Debug|Any CPU
		{54DEAA8B-7D4B-46C4-896A-0E464AFB1B66}.Debug|Any CPU.Build.0 = Debug|Any CPU
		{54DEAA8B-7D4B-46C4-896A-0E464AFB1B66}.Release|Any CPU.ActiveCfg = Release|Any CPU
		{54DEAA8B-7D4B-46C4-896A-0E464AFB1B66}.Release|Any CPU.Build.0 = Release|Any CPU
	EndGlobalSection
	GlobalSection(SolutionProperties) = preSolution
		HideSolutionNode = FALSE
	EndGlobalSection
	GlobalSection(NestedProjects) = preSolution
		{453ACD4D-68E2-4E32-8A39-65BA1E1BFF44} = {8DCB4010-D63C-4766-855B-07C0CBF9BB30}
		{AF179B3E-0E1F-46BE-B61E-75D28DA75A25} = {8DCB4010-D63C-4766-855B-07C0CBF9BB30}
		{CD9BF968-7B34-463C-A6C0-D429387D8B4C} = {8DCB4010-D63C-4766-855B-07C0CBF9BB30}
		{54DEAA8B-7D4B-46C4-896A-0E464AFB1B66} = {8DCB4010-D63C-4766-855B-07C0CBF9BB30}
	EndGlobalSection
	GlobalSection(ExtensibilityGlobals) = postSolution
		SolutionGuid = {6776AA4D-5733-481A-B15D-D716CA13B026}
	EndGlobalSection
EndGlobal
